
Microsoft Visual Studio Solution File, Format Version 12.00
# Visual Studio 15
VisualStudioVersion = 15.0.26730.16
MinimumVisualStudioVersion = 10.0.40219.1
Project("{FAE04EC0-301F-11D3-BF4B-00C04F79EFBC}") = "tessin-raspi", "tessin-raspi\tessin-raspi.csproj", "{20B31130-02CB-46B1-8B54-0728B3D9EDCA}"
EndProject
Global
	GlobalSection(SolutionConfigurationPlatforms) = preSolution
		Debug|Any CPU = Debug|Any CPU
		Release|Any CPU = Release|Any CPU
	EndGlobalSection
	GlobalSection(ProjectConfigurationPlatforms) = postSolution
		{20B31130-02CB-46B1-8B54-0728B3D9EDCA}.Debug|Any CPU.ActiveCfg = Debug|Any CPU
		{20B31130-02CB-46B1-8B54-0728B3D9EDCA}.Debug|Any CPU.Build.0 = Debug|Any CPU
		{20B31130-02CB-46B1-8B54-0728B3D9EDCA}.Release|Any CPU.ActiveCfg = Release|Any CPU
		{20B31130-02CB-46B1-8B54-0728B3D9EDCA}.Release|Any CPU.Build.0 = Release|Any CPU
	EndGlobalSection
	GlobalSection(SolutionProperties) = preSolution
		HideSolutionNode = FALSE
	EndGlobalSection
	GlobalSection(ExtensibilityGlobals) = postSolution
		SolutionGuid = {46C78A71-7EEC-4CB7-A8C9-FD3B1746E694}
	EndGlobalSection
EndGlobal
