
Microsoft Visual Studio Solution File, Format Version 12.00
# Visual Studio 15
VisualStudioVersion = 15.0.27130.2027
MinimumVisualStudioVersion = 10.0.40219.1
Project("{9A19103F-16F7-4668-BE54-9A1E7A4F7556}") = "server", "src\server\server.csproj", "{11C1E2F7-2336-434F-82C8-2FAD9B851BAC}"
EndProject
Global
	GlobalSection(SolutionConfigurationPlatforms) = preSolution
		Debug|Any CPU = Debug|Any CPU
		Release|Any CPU = Release|Any CPU
	EndGlobalSection
	GlobalSection(ProjectConfigurationPlatforms) = postSolution
		{11C1E2F7-2336-434F-82C8-2FAD9B851BAC}.Debug|Any CPU.ActiveCfg = Debug|Any CPU
		{11C1E2F7-2336-434F-82C8-2FAD9B851BAC}.Debug|Any CPU.Build.0 = Debug|Any CPU
		{11C1E2F7-2336-434F-82C8-2FAD9B851BAC}.Release|Any CPU.ActiveCfg = Release|Any CPU
		{11C1E2F7-2336-434F-82C8-2FAD9B851BAC}.Release|Any CPU.Build.0 = Release|Any CPU
	EndGlobalSection
	GlobalSection(SolutionProperties) = preSolution
		HideSolutionNode = FALSE
	EndGlobalSection
	GlobalSection(ExtensibilityGlobals) = postSolution
		SolutionGuid = {46C78A71-7EEC-4CB7-A8C9-FD3B1746E694}
	EndGlobalSection
EndGlobal
